
Microsoft Visual Studio Solution File, Format Version 12.00
# Visual Studio 15
VisualStudioVersion = 15.0.28307.329
MinimumVisualStudioVersion = 10.0.40219.1
Project("{FAE04EC0-301F-11D3-BF4B-00C04F79EFBC}") = "BankingApp", "BankingApp\BankingApp.csproj", "{59078B08-C285-41CC-B967-5144E6BBDC18}"
EndProject
Global
	GlobalSection(SolutionConfigurationPlatforms) = preSolution
		Debug|Any CPU = Debug|Any CPU
		Release|Any CPU = Release|Any CPU
	EndGlobalSection
	GlobalSection(ProjectConfigurationPlatforms) = postSolution
		{59078B08-C285-41CC-B967-5144E6BBDC18}.Debug|Any CPU.ActiveCfg = Debug|Any CPU
		{59078B08-C285-41CC-B967-5144E6BBDC18}.Debug|Any CPU.Build.0 = Debug|Any CPU
		{59078B08-C285-41CC-B967-5144E6BBDC18}.Release|Any CPU.ActiveCfg = Release|Any CPU
		{59078B08-C285-41CC-B967-5144E6BBDC18}.Release|Any CPU.Build.0 = Release|Any CPU
	EndGlobalSection
	GlobalSection(SolutionProperties) = preSolution
		HideSolutionNode = FALSE
	EndGlobalSection
	GlobalSection(ExtensibilityGlobals) = postSolution
		SolutionGuid = {841701B0-1B6C-441E-82F8-9DE6D214E0EA}
	EndGlobalSection
EndGlobal
